
Microsoft Visual Studio Solution File, Format Version 12.00
# Visual Studio Version 17
VisualStudioVersion = 17.0.31611.283
MinimumVisualStudioVersion = 10.0.40219.1
Project("{9A19103F-16F7-4668-BE54-9A1E7A4F7556}") = "SpotiSharp", "SpotiSharp\SpotiSharp.csproj", "{ED32313B-C86F-48D7-A2D6-3444817E2FC6}"
EndProject
Project("{FAE04EC0-301F-11D3-BF4B-00C04F79EFBC}") = "SpotifyAPI", "SpotifyAPI\SpotifyAPI.csproj", "{464D5EA1-F717-4A19-9117-4DE0C40F685F}"
EndProject
Global
	GlobalSection(SolutionConfigurationPlatforms) = preSolution
		Debug|Any CPU = Debug|Any CPU
		Release|Any CPU = Release|Any CPU
	EndGlobalSection
	GlobalSection(ProjectConfigurationPlatforms) = postSolution
		{ED32313B-C86F-48D7-A2D6-3444817E2FC6}.Debug|Any CPU.ActiveCfg = Debug|Any CPU
		{ED32313B-C86F-48D7-A2D6-3444817E2FC6}.Debug|Any CPU.Build.0 = Debug|Any CPU
		{ED32313B-C86F-48D7-A2D6-3444817E2FC6}.Debug|Any CPU.Deploy.0 = Debug|Any CPU
		{ED32313B-C86F-48D7-A2D6-3444817E2FC6}.Release|Any CPU.ActiveCfg = Release|Any CPU
		{ED32313B-C86F-48D7-A2D6-3444817E2FC6}.Release|Any CPU.Build.0 = Release|Any CPU
		{ED32313B-C86F-48D7-A2D6-3444817E2FC6}.Release|Any CPU.Deploy.0 = Release|Any CPU
		{464D5EA1-F717-4A19-9117-4DE0C40F685F}.Debug|Any CPU.ActiveCfg = Debug|Any CPU
		{464D5EA1-F717-4A19-9117-4DE0C40F685F}.Debug|Any CPU.Build.0 = Debug|Any CPU
		{464D5EA1-F717-4A19-9117-4DE0C40F685F}.Release|Any CPU.ActiveCfg = Release|Any CPU
		{464D5EA1-F717-4A19-9117-4DE0C40F685F}.Release|Any CPU.Build.0 = Release|Any CPU
	EndGlobalSection
	GlobalSection(SolutionProperties) = preSolution
		HideSolutionNode = FALSE
	EndGlobalSection
	GlobalSection(ExtensibilityGlobals) = postSolution
		SolutionGuid = {61F7FB11-1E47-470C-91E2-47F8143E1572}
	EndGlobalSection
EndGlobal
